
Microsoft Visual Studio Solution File, Format Version 12.00
# Visual Studio Version 17
VisualStudioVersion = 17.6.33829.357
MinimumVisualStudioVersion = 10.0.40219.1
Project("{9A19103F-16F7-4668-BE54-9A1E7A4F7556}") = "Hospital", "Hospital\Hospital.csproj", "{7FB334BA-E184-45C2-9BE1-97DA3BFF476B}"
EndProject
Global
	GlobalSection(SolutionConfigurationPlatforms) = preSolution
		Debug|Any CPU = Debug|Any CPU
		Release|Any CPU = Release|Any CPU
	EndGlobalSection
	GlobalSection(ProjectConfigurationPlatforms) = postSolution
		{7FB334BA-E184-45C2-9BE1-97DA3BFF476B}.Debug|Any CPU.ActiveCfg = Debug|Any CPU
		{7FB334BA-E184-45C2-9BE1-97DA3BFF476B}.Debug|Any CPU.Build.0 = Debug|Any CPU
		{7FB334BA-E184-45C2-9BE1-97DA3BFF476B}.Release|Any CPU.ActiveCfg = Release|Any CPU
		{7FB334BA-E184-45C2-9BE1-97DA3BFF476B}.Release|Any CPU.Build.0 = Release|Any CPU
	EndGlobalSection
	GlobalSection(SolutionProperties) = preSolution
		HideSolutionNode = FALSE
	EndGlobalSection
	GlobalSection(ExtensibilityGlobals) = postSolution
		SolutionGuid = {6B089DBD-1969-4C11-827C-5B3DDC4BB419}
	EndGlobalSection
EndGlobal
